
Microsoft Visual Studio Solution File, Format Version 12.00
# Visual Studio Version 17
VisualStudioVersion = 17.13.35806.99 d17.13
MinimumVisualStudioVersion = 10.0.40219.1
Project("{FAE04EC0-301F-11D3-BF4B-00C04F79EFBC}") = "MinBlazorApp", "MinBlazorApp\MinBlazorApp.csproj", "{F1DFF284-72EE-401B-B642-A277E9DC139F}"
EndProject
Project("{FAE04EC0-301F-11D3-BF4B-00C04F79EFBC}") = "MinBlazorApp.Client", "MinBlazorApp.Client\MinBlazorApp.Client.csproj", "{BAB1BEEE-9EE9-4149-BD70-0BEEDABAC6DE}"
EndProject
Global
	GlobalSection(SolutionConfigurationPlatforms) = preSolution
		Debug|Any CPU = Debug|Any CPU
		Release|Any CPU = Release|Any CPU
	EndGlobalSection
	GlobalSection(ProjectConfigurationPlatforms) = postSolution
		{F1DFF284-72EE-401B-B642-A277E9DC139F}.Debug|Any CPU.ActiveCfg = Debug|Any CPU
		{F1DFF284-72EE-401B-B642-A277E9DC139F}.Debug|Any CPU.Build.0 = Debug|Any CPU
		{F1DFF284-72EE-401B-B642-A277E9DC139F}.Release|Any CPU.ActiveCfg = Release|Any CPU
		{F1DFF284-72EE-401B-B642-A277E9DC139F}.Release|Any CPU.Build.0 = Release|Any CPU
		{BAB1BEEE-9EE9-4149-BD70-0BEEDABAC6DE}.Debug|Any CPU.ActiveCfg = Debug|Any CPU
		{BAB1BEEE-9EE9-4149-BD70-0BEEDABAC6DE}.Debug|Any CPU.Build.0 = Debug|Any CPU
		{BAB1BEEE-9EE9-4149-BD70-0BEEDABAC6DE}.Release|Any CPU.ActiveCfg = Release|Any CPU
		{BAB1BEEE-9EE9-4149-BD70-0BEEDABAC6DE}.Release|Any CPU.Build.0 = Release|Any CPU
	EndGlobalSection
	GlobalSection(SolutionProperties) = preSolution
		HideSolutionNode = FALSE
	EndGlobalSection
	GlobalSection(ExtensibilityGlobals) = postSolution
		SolutionGuid = {0E3F1995-9599-4377-AAF6-8A4FB247020A}
	EndGlobalSection
EndGlobal
